
Microsoft Visual Studio Solution File, Format Version 12.00
# Visual Studio 14
VisualStudioVersion = 14.0.25420.1
MinimumVisualStudioVersion = 10.0.40219.1
Project("{FAE04EC0-301F-11D3-BF4B-00C04F79EFBC}") = "VoC.WebApp", "VoC.WebApp\VoC.WebApp.csproj", "{B3100153-8D14-41E6-B3B7-6E831D4B27DC}"
EndProject
Project("{FAE04EC0-301F-11D3-BF4B-00C04F79EFBC}") = "VoC.DataAccess", "VoC.DataAccess\VoC.DataAccess.csproj", "{0584699A-E017-4C67-ACAC-FE49D851FEB0}"
EndProject
Project("{FAE04EC0-301F-11D3-BF4B-00C04F79EFBC}") = "BusinessModel", "BusinessModel\BusinessModel.csproj", "{04E1154B-4410-4CB4-AC6A-6E0C55DBA114}"
EndProject
Project("{FAE04EC0-301F-11D3-BF4B-00C04F79EFBC}") = "VoC.ExternalService", "VoC.ExternalService\VoC.ExternalService.csproj", "{D152CC50-7CBF-4535-920E-950C202F072F}"
EndProject
Project("{FAE04EC0-301F-11D3-BF4B-00C04F79EFBC}") = "TestConsole", "TestConsole\TestConsole.csproj", "{887620B1-BBE1-488B-AE30-A044C50C6192}"
EndProject
Global
	GlobalSection(SolutionConfigurationPlatforms) = preSolution
		Debug|Any CPU = Debug|Any CPU
		Release|Any CPU = Release|Any CPU
	EndGlobalSection
	GlobalSection(ProjectConfigurationPlatforms) = postSolution
		{B3100153-8D14-41E6-B3B7-6E831D4B27DC}.Debug|Any CPU.ActiveCfg = Debug|Any CPU
		{B3100153-8D14-41E6-B3B7-6E831D4B27DC}.Debug|Any CPU.Build.0 = Debug|Any CPU
		{B3100153-8D14-41E6-B3B7-6E831D4B27DC}.Release|Any CPU.ActiveCfg = Release|Any CPU
		{B3100153-8D14-41E6-B3B7-6E831D4B27DC}.Release|Any CPU.Build.0 = Release|Any CPU
		{0584699A-E017-4C67-ACAC-FE49D851FEB0}.Debug|Any CPU.ActiveCfg = Debug|Any CPU
		{0584699A-E017-4C67-ACAC-FE49D851FEB0}.Debug|Any CPU.Build.0 = Debug|Any CPU
		{0584699A-E017-4C67-ACAC-FE49D851FEB0}.Release|Any CPU.ActiveCfg = Release|Any CPU
		{0584699A-E017-4C67-ACAC-FE49D851FEB0}.Release|Any CPU.Build.0 = Release|Any CPU
		{04E1154B-4410-4CB4-AC6A-6E0C55DBA114}.Debug|Any CPU.ActiveCfg = Debug|Any CPU
		{04E1154B-4410-4CB4-AC6A-6E0C55DBA114}.Debug|Any CPU.Build.0 = Debug|Any CPU
		{04E1154B-4410-4CB4-AC6A-6E0C55DBA114}.Release|Any CPU.ActiveCfg = Release|Any CPU
		{04E1154B-4410-4CB4-AC6A-6E0C55DBA114}.Release|Any CPU.Build.0 = Release|Any CPU
		{D152CC50-7CBF-4535-920E-950C202F072F}.Debug|Any CPU.ActiveCfg = Debug|Any CPU
		{D152CC50-7CBF-4535-920E-950C202F072F}.Debug|Any CPU.Build.0 = Debug|Any CPU
		{D152CC50-7CBF-4535-920E-950C202F072F}.Release|Any CPU.ActiveCfg = Release|Any CPU
		{D152CC50-7CBF-4535-920E-950C202F072F}.Release|Any CPU.Build.0 = Release|Any CPU
		{887620B1-BBE1-488B-AE30-A044C50C6192}.Debug|Any CPU.ActiveCfg = Debug|Any CPU
		{887620B1-BBE1-488B-AE30-A044C50C6192}.Debug|Any CPU.Build.0 = Debug|Any CPU
		{887620B1-BBE1-488B-AE30-A044C50C6192}.Release|Any CPU.ActiveCfg = Release|Any CPU
		{887620B1-BBE1-488B-AE30-A044C50C6192}.Release|Any CPU.Build.0 = Release|Any CPU
	EndGlobalSection
	GlobalSection(SolutionProperties) = preSolution
		HideSolutionNode = FALSE
	EndGlobalSection
EndGlobal
